<?xml version="1.0" encoding="utf-8"?>
<Project ToolsVersion="16.0" xmlns="http://schemas.microsoft.com/developer/msbuild/2003">
  <ItemGroup>
    <ClCompile Include="C:\Users\Andrew\source\repos\Accelerated C++\Chapter7\Chapter7\Chapter7.cpp">
      <Filter>Source Files</Filter>
    </ClCompile>
    <ClCompile Include="C:\Users\Andrew\source\repos\Accelerated C++\Chapter7\Chapter7\ch7_0.cpp">
      <Filter>Source Files</Filter>
    </ClCompile>
    <ClCompile Include="C:\Users\Andrew\source\repos\Accelerated C++\Chapter7\Chapter7\split.cpp">
      <Filter>Source Files</Filter>
    </ClCompile>
    <ClCompile Include="C:\Users\Andrew\source\repos\Accelerated C++\Chapter7\Chapter7\ch7_0b.cpp">
      <Filter>Source Files</Filter>
    </ClCompile>
  </ItemGroup>
  <ItemGroup>
    <ClInclude Include="C:\Users\Andrew\source\repos\Accelerated C++\Chapter7\Chapter7\Chapter7.h">
      <Filter>Header Files</Filter>
    </ClInclude>
    <ClInclude Include="C:\Users\Andrew\source\repos\Accelerated C++\Chapter7\Chapter7\ch7_0.h">
      <Filter>Header Files</Filter>
    </ClInclude>
    <ClInclude Include="C:\Users\Andrew\source\repos\Accelerated C++\Chapter7\Chapter7\split.h">
      <Filter>Header Files</Filter>
    </ClInclude>
    <ClInclude Include="C:\Users\Andrew\source\repos\Accelerated C++\Chapter7\Chapter7\ch7_0b.h">
      <Filter>Header Files</Filter>
    </ClInclude>
  </ItemGroup>
  <ItemGroup>
    <CustomBuild Include="C:\Users\Andrew\source\repos\Accelerated C++\Chapter7\Chapter7\CMakeLists.txt" />
  </ItemGroup>
  <ItemGroup>
    <Filter Include="Header Files">
      <UniqueIdentifier>{B3EAB6B6-45EF-32E2-BDD0-1C7C6BC8E4E0}</UniqueIdentifier>
    </Filter>
    <Filter Include="Source Files">
      <UniqueIdentifier>{2CFAD8C6-0A51-3B46-918B-5F80D38700FE}</UniqueIdentifier>
    </Filter>
  </ItemGroup>
</Project>
